
Microsoft Visual Studio Solution File, Format Version 12.00
# Visual Studio Version 17
VisualStudioVersion = 17.0.31903.59
MinimumVisualStudioVersion = 10.0.40219.1
Project("{9A19103F-16F7-4668-BE54-9A1E7A4F7556}") = "GRpcServer", "GRpcServer\GRpcServer.csproj", "{05DA138E-F0C0-4833-B56C-74C91B240E84}"
EndProject
Project("{9A19103F-16F7-4668-BE54-9A1E7A4F7556}") = "GRpcClient", "GRpcClient\GRpcClient.csproj", "{6969FE72-6A89-4D88-8680-EC93A79EC36F}"
EndProject
Global
	GlobalSection(SolutionConfigurationPlatforms) = preSolution
		Debug|Any CPU = Debug|Any CPU
		Release|Any CPU = Release|Any CPU
	EndGlobalSection
	GlobalSection(ProjectConfigurationPlatforms) = postSolution
		{05DA138E-F0C0-4833-B56C-74C91B240E84}.Debug|Any CPU.ActiveCfg = Debug|Any CPU
		{05DA138E-F0C0-4833-B56C-74C91B240E84}.Debug|Any CPU.Build.0 = Debug|Any CPU
		{05DA138E-F0C0-4833-B56C-74C91B240E84}.Release|Any CPU.ActiveCfg = Release|Any CPU
		{05DA138E-F0C0-4833-B56C-74C91B240E84}.Release|Any CPU.Build.0 = Release|Any CPU
		{6969FE72-6A89-4D88-8680-EC93A79EC36F}.Debug|Any CPU.ActiveCfg = Debug|Any CPU
		{6969FE72-6A89-4D88-8680-EC93A79EC36F}.Debug|Any CPU.Build.0 = Debug|Any CPU
		{6969FE72-6A89-4D88-8680-EC93A79EC36F}.Release|Any CPU.ActiveCfg = Release|Any CPU
		{6969FE72-6A89-4D88-8680-EC93A79EC36F}.Release|Any CPU.Build.0 = Release|Any CPU
	EndGlobalSection
	GlobalSection(SolutionProperties) = preSolution
		HideSolutionNode = FALSE
	EndGlobalSection
	GlobalSection(ExtensibilityGlobals) = postSolution
		SolutionGuid = {9B8B0921-50D9-4CF6-BB24-E623C298E33C}
	EndGlobalSection
EndGlobal
